
Microsoft Visual Studio Solution File, Format Version 12.00
Project("{FAE04EC0-301F-11D3-BF4B-00C04F79EFBC}") = "P2-CodeExecution", "P2-CodeExecution\P2-CodeExecution.csproj", "{1DB8E23C-E372-46CC-B0D0-B31B0CF6D958}"
EndProject
Project("{FAE04EC0-301F-11D3-BF4B-00C04F79EFBC}") = "P3-Printing-Output", "P3-Printing-Output\P3-Printing-Output.csproj", "{02119EAF-F7B6-4594-ABF3-B9795D7D3022}"
EndProject
Project("{FAE04EC0-301F-11D3-BF4B-00C04F79EFBC}") = "P4-Comments", "P4-Comments\P4-Comments.csproj", "{5C34D99B-1BDA-40B1-BAAE-5AAA21B5886A}"
EndProject
Project("{FAE04EC0-301F-11D3-BF4B-00C04F79EFBC}") = "P8-Boolean", "P8-Boolean\P8-Boolean.csproj", "{300D2FED-F0EF-4B3D-B72C-4599AD7D32B1}"
EndProject
Project("{FAE04EC0-301F-11D3-BF4B-00C04F79EFBC}") = "P5Variables", "P5Variables\P5Variables.csproj", "{8716DA90-5101-46A4-9FED-7EBF82B61C1D}"
EndProject
Project("{FAE04EC0-301F-11D3-BF4B-00C04F79EFBC}") = "P6DataTypes", "P6DataTypes\P6DataTypes.csproj", "{F561DBD8-B958-4F3B-870B-8412A1E3EEE9}"
EndProject
Project("{FAE04EC0-301F-11D3-BF4B-00C04F79EFBC}") = "P7Input", "P7Input\P7Input.csproj", "{3A9412C9-3922-4584-923F-EDED055733B0}"
EndProject
Project("{FAE04EC0-301F-11D3-BF4B-00C04F79EFBC}") = "P8Conversion", "P8Conversion\P8Conversion.csproj", "{4A75A28A-A62F-4EA2-A646-2336AA08DD66}"
EndProject
Project("{FAE04EC0-301F-11D3-BF4B-00C04F79EFBC}") = "P9Operators", "P9Operators\P9Operators.csproj", "{D0E04762-E837-4CF0-A793-C2C08DFE64AC}"
EndProject
Project("{FAE04EC0-301F-11D3-BF4B-00C04F79EFBC}") = "P9IfElse", "P9IfElse\P9IfElse.csproj", "{81B87C17-2A46-433C-8371-1771FB373739}"
EndProject
Project("{FAE04EC0-301F-11D3-BF4B-00C04F79EFBC}") = "P10Random", "P10Random\P10Random.csproj", "{4D9FD271-8D6A-4B50-9BDF-D22DC4A7255F}"
EndProject
Project("{FAE04EC0-301F-11D3-BF4B-00C04F79EFBC}") = "P9_1-km-converter", "P9_1-km-converter\P9_1-km-converter.csproj", "{9D712D21-BF11-4DD4-971A-176FF495D479}"
EndProject
Project("{FAE04EC0-301F-11D3-BF4B-00C04F79EFBC}") = "P11GoTo", "P11GoTo\P11GoTo.csproj", "{D2EC2084-B8BF-402D-AA09-325D8ED9FC94}"
EndProject
Project("{FAE04EC0-301F-11D3-BF4B-00C04F79EFBC}") = "Battleship", "Battleship\Battleship.csproj", "{3F4F416A-78B9-48F5-A413-1B879D0C1C6D}"
EndProject
Global
	GlobalSection(SolutionConfigurationPlatforms) = preSolution
		Debug|Any CPU = Debug|Any CPU
		Release|Any CPU = Release|Any CPU
	EndGlobalSection
	GlobalSection(ProjectConfigurationPlatforms) = postSolution
		{1DB8E23C-E372-46CC-B0D0-B31B0CF6D958}.Debug|Any CPU.ActiveCfg = Debug|Any CPU
		{1DB8E23C-E372-46CC-B0D0-B31B0CF6D958}.Debug|Any CPU.Build.0 = Debug|Any CPU
		{1DB8E23C-E372-46CC-B0D0-B31B0CF6D958}.Release|Any CPU.ActiveCfg = Release|Any CPU
		{1DB8E23C-E372-46CC-B0D0-B31B0CF6D958}.Release|Any CPU.Build.0 = Release|Any CPU
		{02119EAF-F7B6-4594-ABF3-B9795D7D3022}.Debug|Any CPU.ActiveCfg = Debug|Any CPU
		{02119EAF-F7B6-4594-ABF3-B9795D7D3022}.Debug|Any CPU.Build.0 = Debug|Any CPU
		{02119EAF-F7B6-4594-ABF3-B9795D7D3022}.Release|Any CPU.ActiveCfg = Release|Any CPU
		{02119EAF-F7B6-4594-ABF3-B9795D7D3022}.Release|Any CPU.Build.0 = Release|Any CPU
		{5C34D99B-1BDA-40B1-BAAE-5AAA21B5886A}.Debug|Any CPU.ActiveCfg = Debug|Any CPU
		{5C34D99B-1BDA-40B1-BAAE-5AAA21B5886A}.Debug|Any CPU.Build.0 = Debug|Any CPU
		{5C34D99B-1BDA-40B1-BAAE-5AAA21B5886A}.Release|Any CPU.ActiveCfg = Release|Any CPU
		{5C34D99B-1BDA-40B1-BAAE-5AAA21B5886A}.Release|Any CPU.Build.0 = Release|Any CPU
		{300D2FED-F0EF-4B3D-B72C-4599AD7D32B1}.Debug|Any CPU.ActiveCfg = Debug|Any CPU
		{300D2FED-F0EF-4B3D-B72C-4599AD7D32B1}.Debug|Any CPU.Build.0 = Debug|Any CPU
		{300D2FED-F0EF-4B3D-B72C-4599AD7D32B1}.Release|Any CPU.ActiveCfg = Release|Any CPU
		{300D2FED-F0EF-4B3D-B72C-4599AD7D32B1}.Release|Any CPU.Build.0 = Release|Any CPU
		{8716DA90-5101-46A4-9FED-7EBF82B61C1D}.Debug|Any CPU.ActiveCfg = Debug|Any CPU
		{8716DA90-5101-46A4-9FED-7EBF82B61C1D}.Debug|Any CPU.Build.0 = Debug|Any CPU
		{8716DA90-5101-46A4-9FED-7EBF82B61C1D}.Release|Any CPU.ActiveCfg = Release|Any CPU
		{8716DA90-5101-46A4-9FED-7EBF82B61C1D}.Release|Any CPU.Build.0 = Release|Any CPU
		{F561DBD8-B958-4F3B-870B-8412A1E3EEE9}.Debug|Any CPU.ActiveCfg = Debug|Any CPU
		{F561DBD8-B958-4F3B-870B-8412A1E3EEE9}.Debug|Any CPU.Build.0 = Debug|Any CPU
		{F561DBD8-B958-4F3B-870B-8412A1E3EEE9}.Release|Any CPU.ActiveCfg = Release|Any CPU
		{F561DBD8-B958-4F3B-870B-8412A1E3EEE9}.Release|Any CPU.Build.0 = Release|Any CPU
		{3A9412C9-3922-4584-923F-EDED055733B0}.Debug|Any CPU.ActiveCfg = Debug|Any CPU
		{3A9412C9-3922-4584-923F-EDED055733B0}.Debug|Any CPU.Build.0 = Debug|Any CPU
		{3A9412C9-3922-4584-923F-EDED055733B0}.Release|Any CPU.ActiveCfg = Release|Any CPU
		{3A9412C9-3922-4584-923F-EDED055733B0}.Release|Any CPU.Build.0 = Release|Any CPU
		{4A75A28A-A62F-4EA2-A646-2336AA08DD66}.Debug|Any CPU.ActiveCfg = Debug|Any CPU
		{4A75A28A-A62F-4EA2-A646-2336AA08DD66}.Debug|Any CPU.Build.0 = Debug|Any CPU
		{4A75A28A-A62F-4EA2-A646-2336AA08DD66}.Release|Any CPU.ActiveCfg = Release|Any CPU
		{4A75A28A-A62F-4EA2-A646-2336AA08DD66}.Release|Any CPU.Build.0 = Release|Any CPU
		{D0E04762-E837-4CF0-A793-C2C08DFE64AC}.Debug|Any CPU.ActiveCfg = Debug|Any CPU
		{D0E04762-E837-4CF0-A793-C2C08DFE64AC}.Debug|Any CPU.Build.0 = Debug|Any CPU
		{D0E04762-E837-4CF0-A793-C2C08DFE64AC}.Release|Any CPU.ActiveCfg = Release|Any CPU
		{D0E04762-E837-4CF0-A793-C2C08DFE64AC}.Release|Any CPU.Build.0 = Release|Any CPU
		{81B87C17-2A46-433C-8371-1771FB373739}.Debug|Any CPU.ActiveCfg = Debug|Any CPU
		{81B87C17-2A46-433C-8371-1771FB373739}.Debug|Any CPU.Build.0 = Debug|Any CPU
		{81B87C17-2A46-433C-8371-1771FB373739}.Release|Any CPU.ActiveCfg = Release|Any CPU
		{81B87C17-2A46-433C-8371-1771FB373739}.Release|Any CPU.Build.0 = Release|Any CPU
		{4D9FD271-8D6A-4B50-9BDF-D22DC4A7255F}.Debug|Any CPU.ActiveCfg = Debug|Any CPU
		{4D9FD271-8D6A-4B50-9BDF-D22DC4A7255F}.Debug|Any CPU.Build.0 = Debug|Any CPU
		{4D9FD271-8D6A-4B50-9BDF-D22DC4A7255F}.Release|Any CPU.ActiveCfg = Release|Any CPU
		{4D9FD271-8D6A-4B50-9BDF-D22DC4A7255F}.Release|Any CPU.Build.0 = Release|Any CPU
		{9D712D21-BF11-4DD4-971A-176FF495D479}.Debug|Any CPU.ActiveCfg = Debug|Any CPU
		{9D712D21-BF11-4DD4-971A-176FF495D479}.Debug|Any CPU.Build.0 = Debug|Any CPU
		{9D712D21-BF11-4DD4-971A-176FF495D479}.Release|Any CPU.ActiveCfg = Release|Any CPU
		{9D712D21-BF11-4DD4-971A-176FF495D479}.Release|Any CPU.Build.0 = Release|Any CPU
		{D2EC2084-B8BF-402D-AA09-325D8ED9FC94}.Debug|Any CPU.ActiveCfg = Debug|Any CPU
		{D2EC2084-B8BF-402D-AA09-325D8ED9FC94}.Debug|Any CPU.Build.0 = Debug|Any CPU
		{D2EC2084-B8BF-402D-AA09-325D8ED9FC94}.Release|Any CPU.ActiveCfg = Release|Any CPU
		{D2EC2084-B8BF-402D-AA09-325D8ED9FC94}.Release|Any CPU.Build.0 = Release|Any CPU
		{3F4F416A-78B9-48F5-A413-1B879D0C1C6D}.Debug|Any CPU.ActiveCfg = Debug|Any CPU
		{3F4F416A-78B9-48F5-A413-1B879D0C1C6D}.Debug|Any CPU.Build.0 = Debug|Any CPU
		{3F4F416A-78B9-48F5-A413-1B879D0C1C6D}.Release|Any CPU.ActiveCfg = Release|Any CPU
		{3F4F416A-78B9-48F5-A413-1B879D0C1C6D}.Release|Any CPU.Build.0 = Release|Any CPU
	EndGlobalSection
EndGlobal
